// !$*UTF8*$!
{
	archiveVersion = 1;
	classes = {
	};
	objectVersion = 55;
	objects = {

/* Begin PBXBuildFile section */
		CCA460BF289E97790084ACBF /* LoginView.swift in Sources */ = {isa = PBXBuildFile; fileRef = CCA460BE289E97790084ACBF /* LoginView.swift */; };
		CCA460C2289E9D9D0084ACBF /* CheckManager.swift in Sources */ = {isa = PBXBuildFile; fileRef = CCA460C1289E9D9D0084ACBF /* CheckManager.swift */; };
		CCD1CE482895760E0001CC69 /* AppDelegate.swift in Sources */ = {isa = PBXBuildFile; fileRef = CCD1CE472895760E0001CC69 /* AppDelegate.swift */; };
		CCD1CE4A2895760E0001CC69 /* SceneDelegate.swift in Sources */ = {isa = PBXBuildFile; fileRef = CCD1CE492895760E0001CC69 /* SceneDelegate.swift */; };
		CCD1CE4C2895760E0001CC69 /* ViewController.swift in Sources */ = {isa = PBXBuildFile; fileRef = CCD1CE4B2895760E0001CC69 /* ViewController.swift */; };
		CCD1CE4F2895760E0001CC69 /* Main.storyboard in Resources */ = {isa = PBXBuildFile; fileRef = CCD1CE4D2895760E0001CC69 /* Main.storyboard */; };
		CCD1CE512895760E0001CC69 /* Assets.xcassets in Resources */ = {isa = PBXBuildFile; fileRef = CCD1CE502895760E0001CC69 /* Assets.xcassets */; };
		CCD1CE542895760E0001CC69 /* LaunchScreen.storyboard in Resources */ = {isa = PBXBuildFile; fileRef = CCD1CE522895760E0001CC69 /* LaunchScreen.storyboard */; };
/* End PBXBuildFile section */

/* Begin PBXFileReference section */
		CCA460BE289E97790084ACBF /* LoginView.swift */ = {isa = PBXFileReference; lastKnownFileType = sourcecode.swift; path = LoginView.swift; sourceTree = "<group>"; };
		CCA460C1289E9D9D0084ACBF /* CheckManager.swift */ = {isa = PBXFileReference; lastKnownFileType = sourcecode.swift; path = CheckManager.swift; sourceTree = "<group>"; };
		CCD1CE442895760E0001CC69 /* LoginPracticeMVC.app */ = {isa = PBXFileReference; explicitFileType = wrapper.application; includeInIndex = 0; path = LoginPracticeMVC.app; sourceTree = BUILT_PRODUCTS_DIR; };
		CCD1CE472895760E0001CC69 /* AppDelegate.swift */ = {isa = PBXFileReference; lastKnownFileType = sourcecode.swift; path = AppDelegate.swift; sourceTree = "<group>"; };
		CCD1CE492895760E0001CC69 /* SceneDelegate.swift */ = {isa = PBXFileReference; lastKnownFileType = sourcecode.swift; path = SceneDelegate.swift; sourceTree = "<group>"; };
		CCD1CE4B2895760E0001CC69 /* ViewController.swift */ = {isa = PBXFileReference; lastKnownFileType = sourcecode.swift; path = ViewController.swift; sourceTree = "<group>"; };
		CCD1CE4E2895760E0001CC69 /* Base */ = {isa = PBXFileReference; lastKnownFileType = file.storyboard; name = Base; path = Base.lproj/Main.storyboard; sourceTree = "<group>"; };
		CCD1CE502895760E0001CC69 /* Assets.xcassets */ = {isa = PBXFileReference; lastKnownFileType = folder.assetcatalog; path = Assets.xcassets; sourceTree = "<group>"; };
		CCD1CE532895760E0001CC69 /* Base */ = {isa = PBXFileReference; lastKnownFileType = file.storyboard; name = Base; path = Base.lproj/LaunchScreen.storyboard; sourceTree = "<group>"; };
		CCD1CE552895760E0001CC69 /* Info.plist */ = {isa = PBXFileReference; lastKnownFileType = text.plist.xml; path = Info.plist; sourceTree = "<group>"; };
/* End PBXFileReference section */

/* Begin PBXFrameworksBuildPhase section */
		CCD1CE412895760E0001CC69 /* Frameworks */ = {
			isa = PBXFrameworksBuildPhase;
			buildActionMask = 2147483647;
			files = (
			);
			runOnlyForDeploymentPostprocessing = 0;
		};
/* End PBXFrameworksBuildPhase section */

/* Begin PBXGroup section */
		CCA460BB289E96E30084ACBF /* Controllers */ = {
			isa = PBXGroup;
			children = (
				CCD1CE4B2895760E0001CC69 /* ViewController.swift */,
			);
			path = Controllers;
			sourceTree = "<group>";
		};
		CCA460BC289E96E80084ACBF /* Views */ = {
			isa = PBXGroup;
			children = (
				CCA460BE289E97790084ACBF /* LoginView.swift */,
			);
			path = Views;
			sourceTree = "<group>";
		};
		CCA460C0289E9D7A0084ACBF /* Models */ = {
			isa = PBXGroup;
			children = (
				CCA460C1289E9D9D0084ACBF /* CheckManager.swift */,
			);
			path = Models;
			sourceTree = "<group>";
		};
		CCD1CE3B2895760E0001CC69 = {
			isa = PBXGroup;
			children = (
				CCD1CE462895760E0001CC69 /* LoginPractice */,
				CCD1CE452895760E0001CC69 /* Products */,
			);
			sourceTree = "<group>";
		};
		CCD1CE452895760E0001CC69 /* Products */ = {
			isa = PBXGroup;
			children = (
				CCD1CE442895760E0001CC69 /* LoginPracticeMVC.app */,
			);
			name = Products;
			sourceTree = "<group>";
		};
		CCD1CE462895760E0001CC69 /* LoginPractice */ = {
			isa = PBXGroup;
			children = (
				CCD1CE472895760E0001CC69 /* AppDelegate.swift */,
				CCD1CE492895760E0001CC69 /* SceneDelegate.swift */,
				CCA460C0289E9D7A0084ACBF /* Models */,
				CCA460BC289E96E80084ACBF /* Views */,
				CCA460BB289E96E30084ACBF /* Controllers */,
				CCD1CE502895760E0001CC69 /* Assets.xcassets */,
				CCD1CE4D2895760E0001CC69 /* Main.storyboard */,
				CCD1CE522895760E0001CC69 /* LaunchScreen.storyboard */,
				CCD1CE552895760E0001CC69 /* Info.plist */,
			);
			path = LoginPractice;
			sourceTree = "<group>";
		};
/* End PBXGroup section */

/* Begin PBXNativeTarget section */
		CCD1CE432895760E0001CC69 /* LoginPracticeMVC */ = {
			isa = PBXNativeTarget;
			buildConfigurationList = CCD1CE582895760E0001CC69 /* Build configuration list for PBXNativeTarget "LoginPracticeMVC" */;
			buildPhases = (
				CCD1CE402895760E0001CC69 /* Sources */,
				CCD1CE412895760E0001CC69 /* Frameworks */,
				CCD1CE422895760E0001CC69 /* Resources */,
			);
			buildRules = (
			);
			dependencies = (
			);
			name = LoginPracticeMVC;
			productName = LoginPractice;
			productReference = CCD1CE442895760E0001CC69 /* LoginPracticeMVC.app */;
			productType = "com.apple.product-type.application";
		};
/* End PBXNativeTarget section */

/* Begin PBXProject section */
		CCD1CE3C2895760E0001CC69 /* Project object */ = {
			isa = PBXProject;
			attributes = {
				BuildIndependentTargetsInParallel = 1;
				LastSwiftUpdateCheck = 1340;
				LastUpgradeCheck = 1340;
				TargetAttributes = {
					CCD1CE432895760E0001CC69 = {
						CreatedOnToolsVersion = 13.4.1;
					};
				};
			};
			buildConfigurationList = CCD1CE3F2895760E0001CC69 /* Build configuration list for PBXProject "LoginPracticeMVC" */;
			compatibilityVersion = "Xcode 13.0";
			developmentRegion = en;
			hasScannedForEncodings = 0;
			knownRegions = (
				en,
				Base,
			);
			mainGroup = CCD1CE3B2895760E0001CC69;
			productRefGroup = CCD1CE452895760E0001CC69 /* Products */;
			projectDirPath = "";
			projectRoot = "";
			targets = (
				CCD1CE432895760E0001CC69 /* LoginPracticeMVC */,
			);
		};
/* End PBXProject section */

/* Begin PBXResourcesBuildPhase section */
		CCD1CE422895760E0001CC69 /* Resources */ = {
			isa = PBXResourcesBuildPhase;
			buildActionMask = 2147483647;
			files = (
				CCD1CE542895760E0001CC69 /* LaunchScreen.storyboard in Resources */,
				CCD1CE512895760E0001CC69 /* Assets.xcassets in Resources */,
				CCD1CE4F2895760E0001CC69 /* Main.storyboard in Resources */,
			);
			runOnlyForDeploymentPostprocessing = 0;
		};
/* End PBXResourcesBuildPhase section */

/* Begin PBXSourcesBuildPhase section */
		CCD1CE402895760E0001CC69 /* Sources */ = {
			isa = PBXSourcesBuildPhase;
			buildActionMask = 2147483647;
			files = (
				CCD1CE4C2895760E0001CC69 /* ViewController.swift in Sources */,
				CCD1CE482895760E0001CC69 /* AppDelegate.swift in Sources */,
				CCA460C2289E9D9D0084ACBF /* CheckManager.swift in Sources */,
				CCA460BF289E97790084ACBF /* LoginView.swift in Sources */,
				CCD1CE4A2895760E0001CC69 /* SceneDelegate.swift in Sources */,
			);
			runOnlyForDeploymentPostprocessing = 0;
		};
/* End PBXSourcesBuildPhase section */

/* Begin PBXVariantGroup section */
		CCD1CE4D2895760E0001CC69 /* Main.storyboard */ = {
			isa = PBXVariantGroup;
			children = (
				CCD1CE4E2895760E0001CC69 /* Base */,
			);
			name = Main.storyboard;
			sourceTree = "<group>";
		};
		CCD1CE522895760E0001CC69 /* LaunchScreen.storyboard */ = {
			isa = PBXVariantGroup;
			children = (
				CCD1CE532895760E0001CC69 /* Base */,
			);
			name = LaunchScreen.storyboard;
			sourceTree = "<group>";
		};
/* End PBXVariantGroup section */

/* Begin XCBuildConfiguration section */
		CCD1CE562895760E0001CC69 /* Debug */ = {
			isa = XCBuildConfiguration;
			buildSettings = {
				ALWAYS_SEARCH_USER_PATHS = NO;
				CLANG_ANALYZER_NONNULL = YES;
				CLANG_ANALYZER_NUMBER_OBJECT_CONVERSION = YES_AGGRESSIVE;
				CLANG_CXX_LANGUAGE_STANDARD = "gnu++17";
				CLANG_ENABLE_MODULES = YES;
				CLANG_ENABLE_OBJC_ARC = YES;
				CLANG_ENABLE_OBJC_WEAK = YES;
				CLANG_WARN_BLOCK_CAPTURE_AUTORELEASING = YES;
				CLANG_WARN_BOOL_CONVERSION = YES;
				CLANG_WARN_COMMA = YES;
				CLANG_WARN_CONSTANT_CONVERSION = YES;
				CLANG_WARN_DEPRECATED_OBJC_IMPLEMENTATIONS = YES;
				CLANG_WARN_DIRECT_OBJC_ISA_USAGE = YES_ERROR;
				CLANG_WARN_DOCUMENTATION_COMMENTS = YES;
				CLANG_WARN_EMPTY_BODY = YES;
				CLANG_WARN_ENUM_CONVERSION = YES;
				CLANG_WARN_INFINITE_RECURSION = YES;
				CLANG_WARN_INT_CONVERSION = YES;
				CLANG_WARN_NON_LITERAL_NULL_CONVERSION = YES;
				CLANG_WARN_OBJC_IMPLICIT_RETAIN_SELF = YES;
				CLANG_WARN_OBJC_LITERAL_CONVERSION = YES;
				CLANG_WARN_OBJC_ROOT_CLASS = YES_ERROR;
				CLANG_WARN_QUOTED_INCLUDE_IN_FRAMEWORK_HEADER = YES;
				CLANG_WARN_RANGE_LOOP_ANALYSIS = YES;
				CLANG_WARN_STRICT_PROTOTYPES = YES;
				CLANG_WARN_SUSPICIOUS_MOVE = YES;
				CLANG_WARN_UNGUARDED_AVAILABILITY = YES_AGGRESSIVE;
				CLANG_WARN_UNREACHABLE_CODE = YES;
				CLANG_WARN__DUPLICATE_METHOD_MATCH = YES;
				COPY_PHASE_STRIP = NO;
				DEBUG_INFORMATION_FORMAT = dwarf;
				ENABLE_STRICT_OBJC_MSGSEND = YES;
				ENABLE_TESTABILITY = YES;
				GCC_C_LANGUAGE_STANDARD = gnu11;
				GCC_DYNAMIC_NO_PIC = NO;
				GCC_NO_COMMON_BLOCKS = YES;
				GCC_OPTIMIZATION_LEVEL = 0;
				GCC_PREPROCESSOR_DEFINITIONS = (
					"DEBUG=1",
					"$(inherited)",
				);
				GCC_WARN_64_TO_32_BIT_CONVERSION = YES;
				GCC_WARN_ABOUT_RETURN_TYPE = YES_ERROR;
				GCC_WARN_UNDECLARED_SELECTOR = YES;
				GCC_WARN_UNINITIALIZED_AUTOS = YES_AGGRESSIVE;
				GCC_WARN_UNUSED_FUNCTION = YES;
				GCC_WARN_UNUSED_VARIABLE = YES;
				IPHONEOS_DEPLOYMENT_TARGET = 15.5;
				MTL_ENABLE_DEBUG_INFO = INCLUDE_SOURCE;
				MTL_FAST_MATH = YES;
				ONLY_ACTIVE_ARCH = YES;
				SDKROOT = iphoneos;
				SWIFT_ACTIVE_COMPILATION_CONDITIONS = DEBUG;
				SWIFT_OPTIMIZATION_LEVEL = "-Onone";
			};
			name = Debug;
		};
		CCD1CE572895760E0001CC69 /* Release */ = {
			isa = XCBuildConfiguration;
			buildSettings = {
				ALWAYS_SEARCH_USER_PATHS = NO;
				CLANG_ANALYZER_NONNULL = YES;
				CLANG_ANALYZER_NUMBER_OBJECT_CONVERSION = YES_AGGRESSIVE;
				CLANG_CXX_LANGUAGE_STANDARD = "gnu++17";
				CLANG_ENABLE_MODULES = YES;
				CLANG_ENABLE_OBJC_ARC = YES;
				CLANG_ENABLE_OBJC_WEAK = YES;
				CLANG_WARN_BLOCK_CAPTURE_AUTORELEASING = YES;
				CLANG_WARN_BOOL_CONVERSION = YES;
				CLANG_WARN_COMMA = YES;
				CLANG_WARN_CONSTANT_CONVERSION = YES;
				CLANG_WARN_DEPRECATED_OBJC_IMPLEMENTATIONS = YES;
				CLANG_WARN_DIRECT_OBJC_ISA_USAGE = YES_ERROR;
				CLANG_WARN_DOCUMENTATION_COMMENTS = YES;
				CLANG_WARN_EMPTY_BODY = YES;
				CLANG_WARN_ENUM_CONVERSION = YES;
				CLANG_WARN_INFINITE_RECURSION = YES;
				CLANG_WARN_INT_CONVERSION = YES;
				CLANG_WARN_NON_LITERAL_NULL_CONVERSION = YES;
				CLANG_WARN_OBJC_IMPLICIT_RETAIN_SELF = YES;
				CLANG_WARN_OBJC_LITERAL_CONVERSION = YES;
				CLANG_WARN_OBJC_ROOT_CLASS = YES_ERROR;
				CLANG_WARN_QUOTED_INCLUDE_IN_FRAMEWORK_HEADER = YES;
				CLANG_WARN_RANGE_LOOP_ANALYSIS = YES;
				CLANG_WARN_STRICT_PROTOTYPES = YES;
				CLANG_WARN_SUSPICIOUS_MOVE = YES;
				CLANG_WARN_UNGUARDED_AVAILABILITY = YES_AGGRESSIVE;
				CLANG_WARN_UNREACHABLE_CODE = YES;
				CLANG_WARN__DUPLICATE_METHOD_MATCH = YES;
				COPY_PHASE_STRIP = NO;
				DEBUG_INFORMATION_FORMAT = "dwarf-with-dsym";
				ENABLE_NS_ASSERTIONS = NO;
				ENABLE_STRICT_OBJC_MSGSEND = YES;
				GCC_C_LANGUAGE_STANDARD = gnu11;
				GCC_NO_COMMON_BLOCKS = YES;
				GCC_WARN_64_TO_32_BIT_CONVERSION = YES;
				GCC_WARN_ABOUT_RETURN_TYPE = YES_ERROR;
				GCC_WARN_UNDECLARED_SELECTOR = YES;
				GCC_WARN_UNINITIALIZED_AUTOS = YES_AGGRESSIVE;
				GCC_WARN_UNUSED_FUNCTION = YES;
				GCC_WARN_UNUSED_VARIABLE = YES;
				IPHONEOS_DEPLOYMENT_TARGET = 15.5;
				MTL_ENABLE_DEBUG_INFO = NO;
				MTL_FAST_MATH = YES;
				SDKROOT = iphoneos;
				SWIFT_COMPILATION_MODE = wholemodule;
				SWIFT_OPTIMIZATION_LEVEL = "-O";
				VALIDATE_PRODUCT = YES;
			};
			name = Release;
		};
		CCD1CE592895760E0001CC69 /* Debug */ = {
			isa = XCBuildConfiguration;
			buildSettings = {
				ASSETCATALOG_COMPILER_APPICON_NAME = AppIcon;
				ASSETCATALOG_COMPILER_GLOBAL_ACCENT_COLOR_NAME = AccentColor;
				CODE_SIGN_STYLE = Automatic;
				CURRENT_PROJECT_VERSION = 1;
				DEVELOPMENT_TEAM = KJK4573Q5V;
				GENERATE_INFOPLIST_FILE = YES;
				INFOPLIST_FILE = LoginPractice/Info.plist;
				INFOPLIST_KEY_UIApplicationSupportsIndirectInputEvents = YES;
				INFOPLIST_KEY_UILaunchStoryboardName = LaunchScreen;
				INFOPLIST_KEY_UIMainStoryboardFile = Main;
				INFOPLIST_KEY_UISupportedInterfaceOrientations = UIInterfaceOrientationPortrait;
				INFOPLIST_KEY_UISupportedInterfaceOrientations_iPad = "UIInterfaceOrientationPortrait UIInterfaceOrientationPortraitUpsideDown UIInterfaceOrientationLandscapeLeft UIInterfaceOrientationLandscapeRight";
				INFOPLIST_KEY_UISupportedInterfaceOrientations_iPhone = "UIInterfaceOrientationPortrait UIInterfaceOrientationLandscapeLeft UIInterfaceOrientationLandscapeRight";
				IPHONEOS_DEPLOYMENT_TARGET = 13.0;
				LD_RUNPATH_SEARCH_PATHS = (
					"$(inherited)",
					"@executable_path/Frameworks",
				);
				MARKETING_VERSION = 1.0;
				PRODUCT_BUNDLE_IDENTIFIER = kr.co.henrykim92.LoginPracticeMVC;
				PRODUCT_NAME = "$(TARGET_NAME)";
				SWIFT_EMIT_LOC_STRINGS = YES;
				SWIFT_VERSION = 5.0;
				TARGETED_DEVICE_FAMILY = 1;
			};
			name = Debug;
		};
		CCD1CE5A2895760E0001CC69 /* Release */ = {
			isa = XCBuildConfiguration;
			buildSettings = {
				ASSETCATALOG_COMPILER_APPICON_NAME = AppIcon;
				ASSETCATALOG_COMPILER_GLOBAL_ACCENT_COLOR_NAME = AccentColor;
				CODE_SIGN_STYLE = Automatic;
				CURRENT_PROJECT_VERSION = 1;
				DEVELOPMENT_TEAM = KJK4573Q5V;
				GENERATE_INFOPLIST_FILE = YES;
				INFOPLIST_FILE = LoginPractice/Info.plist;
				INFOPLIST_KEY_UIApplicationSupportsIndirectInputEvents = YES;
				INFOPLIST_KEY_UILaunchStoryboardName = LaunchScreen;
				INFOPLIST_KEY_UIMainStoryboardFile = Main;
				INFOPLIST_KEY_UISupportedInterfaceOrientations = UIInterfaceOrientationPortrait;
				INFOPLIST_KEY_UISupportedInterfaceOrientations_iPad = "UIInterfaceOrientationPortrait UIInterfaceOrientationPortraitUpsideDown UIInterfaceOrientationLandscapeLeft UIInterfaceOrientationLandscapeRight";
				INFOPLIST_KEY_UISupportedInterfaceOrientations_iPhone = "UIInterfaceOrientationPortrait UIInterfaceOrientationLandscapeLeft UIInterfaceOrientationLandscapeRight";
				IPHONEOS_DEPLOYMENT_TARGET = 13.0;
				LD_RUNPATH_SEARCH_PATHS = (
					"$(inherited)",
					"@executable_path/Frameworks",
				);
				MARKETING_VERSION = 1.0;
				PRODUCT_BUNDLE_IDENTIFIER = kr.co.henrykim92.LoginPracticeMVC;
				PRODUCT_NAME = "$(TARGET_NAME)";
				SWIFT_EMIT_LOC_STRINGS = YES;
				SWIFT_VERSION = 5.0;
				TARGETED_DEVICE_FAMILY = 1;
			};
			name = Release;
		};
/* End XCBuildConfiguration section */

/* Begin XCConfigurationList section */
		CCD1CE3F2895760E0001CC69 /* Build configuration list for PBXProject "LoginPracticeMVC" */ = {
			isa = XCConfigurationList;
			buildConfigurations = (
				CCD1CE562895760E0001CC69 /* Debug */,
				CCD1CE572895760E0001CC69 /* Release */,
			);
			defaultConfigurationIsVisible = 0;
			defaultConfigurationName = Release;
		};
		CCD1CE582895760E0001CC69 /* Build configuration list for PBXNativeTarget "LoginPracticeMVC" */ = {
			isa = XCConfigurationList;
			buildConfigurations = (
				CCD1CE592895760E0001CC69 /* Debug */,
				CCD1CE5A2895760E0001CC69 /* Release */,
			);
			defaultConfigurationIsVisible = 0;
			defaultConfigurationName = Release;
		};
/* End XCConfigurationList section */
	};
	rootObject = CCD1CE3C2895760E0001CC69 /* Project object */;
}
